// !$*UTF8*$!
{
	archiveVersion = 1;
	classes = {
	};
	objectVersion = 51;
	objects = {

/* Begin PBXBuildFile section */
		2E64AD9EF4AF0A2F3E974CCE /* Pods_TopPop.framework in Frameworks */ = {isa = PBXBuildFile; fileRef = 016B9D5EB271F50F1C0908C8 /* Pods_TopPop.framework */; };
		522D4010241E508A007589BE /* Chart.swift in Sources */ = {isa = PBXBuildFile; fileRef = 522D400F241E508A007589BE /* Chart.swift */; };
		522D4033241E8C1A007589BE /* Default-568h@2x.png in Resources */ = {isa = PBXBuildFile; fileRef = 522D4032241E8C1A007589BE /* Default-568h@2x.png */; };
		522D4038241EB1E8007589BE /* TrackCell.swift in Sources */ = {isa = PBXBuildFile; fileRef = 522D4037241EB1E8007589BE /* TrackCell.swift */; };
		5242CA92241D4E0B00ECBF59 /* AppDelegate.swift in Sources */ = {isa = PBXBuildFile; fileRef = 5242CA91241D4E0B00ECBF59 /* AppDelegate.swift */; };
		5242CA94241D4E0B00ECBF59 /* SceneDelegate.swift in Sources */ = {isa = PBXBuildFile; fileRef = 5242CA93241D4E0B00ECBF59 /* SceneDelegate.swift */; };
		5242CA96241D4E0B00ECBF59 /* HomeViewController.swift in Sources */ = {isa = PBXBuildFile; fileRef = 5242CA95241D4E0B00ECBF59 /* HomeViewController.swift */; };
		5242CA99241D4E0B00ECBF59 /* Main.storyboard in Resources */ = {isa = PBXBuildFile; fileRef = 5242CA97241D4E0B00ECBF59 /* Main.storyboard */; };
		5242CA9B241D4E0F00ECBF59 /* Assets.xcassets in Resources */ = {isa = PBXBuildFile; fileRef = 5242CA9A241D4E0F00ECBF59 /* Assets.xcassets */; };
		5242CA9E241D4E0F00ECBF59 /* LaunchScreen.storyboard in Resources */ = {isa = PBXBuildFile; fileRef = 5242CA9C241D4E0F00ECBF59 /* LaunchScreen.storyboard */; };
		5242CAA7241D58AE00ECBF59 /* Track.swift in Sources */ = {isa = PBXBuildFile; fileRef = 5242CAA6241D58AE00ECBF59 /* Track.swift */; };
		5242CAA9241D5AE000ECBF59 /* Artist.swift in Sources */ = {isa = PBXBuildFile; fileRef = 5242CAA8241D5AE000ECBF59 /* Artist.swift */; };
		5242CAAB241D5B1500ECBF59 /* Album.swift in Sources */ = {isa = PBXBuildFile; fileRef = 5242CAAA241D5B1500ECBF59 /* Album.swift */; };
		529A507D241D66EE0063E588 /* APIRequestManager.swift in Sources */ = {isa = PBXBuildFile; fileRef = 529A507C241D66EE0063E588 /* APIRequestManager.swift */; };
/* End PBXBuildFile section */

/* Begin PBXFileReference section */
		016B9D5EB271F50F1C0908C8 /* Pods_TopPop.framework */ = {isa = PBXFileReference; explicitFileType = wrapper.framework; includeInIndex = 0; path = Pods_TopPop.framework; sourceTree = BUILT_PRODUCTS_DIR; };
		4B377F8694A271848A6BA08E /* Pods-TopPop.release.xcconfig */ = {isa = PBXFileReference; includeInIndex = 1; lastKnownFileType = text.xcconfig; name = "Pods-TopPop.release.xcconfig"; path = "Target Support Files/Pods-TopPop/Pods-TopPop.release.xcconfig"; sourceTree = "<group>"; };
		522D400F241E508A007589BE /* Chart.swift */ = {isa = PBXFileReference; lastKnownFileType = sourcecode.swift; path = Chart.swift; sourceTree = "<group>"; };
		522D4032241E8C1A007589BE /* Default-568h@2x.png */ = {isa = PBXFileReference; lastKnownFileType = image.png; path = "Default-568h@2x.png"; sourceTree = "<group>"; };
		522D4037241EB1E8007589BE /* TrackCell.swift */ = {isa = PBXFileReference; lastKnownFileType = sourcecode.swift; path = TrackCell.swift; sourceTree = "<group>"; };
		5242CA8E241D4E0B00ECBF59 /* TopPop.app */ = {isa = PBXFileReference; explicitFileType = wrapper.application; includeInIndex = 0; path = TopPop.app; sourceTree = BUILT_PRODUCTS_DIR; };
		5242CA91241D4E0B00ECBF59 /* AppDelegate.swift */ = {isa = PBXFileReference; lastKnownFileType = sourcecode.swift; path = AppDelegate.swift; sourceTree = "<group>"; };
		5242CA93241D4E0B00ECBF59 /* SceneDelegate.swift */ = {isa = PBXFileReference; lastKnownFileType = sourcecode.swift; path = SceneDelegate.swift; sourceTree = "<group>"; };
		5242CA95241D4E0B00ECBF59 /* HomeViewController.swift */ = {isa = PBXFileReference; lastKnownFileType = sourcecode.swift; path = HomeViewController.swift; sourceTree = "<group>"; };
		5242CA98241D4E0B00ECBF59 /* Base */ = {isa = PBXFileReference; lastKnownFileType = file.storyboard; name = Base; path = Base.lproj/Main.storyboard; sourceTree = "<group>"; };
		5242CA9A241D4E0F00ECBF59 /* Assets.xcassets */ = {isa = PBXFileReference; lastKnownFileType = folder.assetcatalog; path = Assets.xcassets; sourceTree = "<group>"; };
		5242CA9D241D4E0F00ECBF59 /* Base */ = {isa = PBXFileReference; lastKnownFileType = file.storyboard; name = Base; path = Base.lproj/LaunchScreen.storyboard; sourceTree = "<group>"; };
		5242CA9F241D4E0F00ECBF59 /* Info.plist */ = {isa = PBXFileReference; lastKnownFileType = text.plist.xml; path = Info.plist; sourceTree = "<group>"; };
		5242CAA6241D58AE00ECBF59 /* Track.swift */ = {isa = PBXFileReference; lastKnownFileType = sourcecode.swift; path = Track.swift; sourceTree = "<group>"; };
		5242CAA8241D5AE000ECBF59 /* Artist.swift */ = {isa = PBXFileReference; lastKnownFileType = sourcecode.swift; path = Artist.swift; sourceTree = "<group>"; };
		5242CAAA241D5B1500ECBF59 /* Album.swift */ = {isa = PBXFileReference; lastKnownFileType = sourcecode.swift; path = Album.swift; sourceTree = "<group>"; };
		529A507C241D66EE0063E588 /* APIRequestManager.swift */ = {isa = PBXFileReference; lastKnownFileType = sourcecode.swift; path = APIRequestManager.swift; sourceTree = "<group>"; };
		B246090CF7722D81864B92C9 /* Pods-TopPop.debug.xcconfig */ = {isa = PBXFileReference; includeInIndex = 1; lastKnownFileType = text.xcconfig; name = "Pods-TopPop.debug.xcconfig"; path = "Target Support Files/Pods-TopPop/Pods-TopPop.debug.xcconfig"; sourceTree = "<group>"; };
/* End PBXFileReference section */

/* Begin PBXFrameworksBuildPhase section */
		5242CA8B241D4E0B00ECBF59 /* Frameworks */ = {
			isa = PBXFrameworksBuildPhase;
			buildActionMask = 2147483647;
			files = (
				2E64AD9EF4AF0A2F3E974CCE /* Pods_TopPop.framework in Frameworks */,
			);
			runOnlyForDeploymentPostprocessing = 0;
		};
/* End PBXFrameworksBuildPhase section */

/* Begin PBXGroup section */
		47BD9EC803173AD6A2E4DA78 /* Frameworks */ = {
			isa = PBXGroup;
			children = (
				016B9D5EB271F50F1C0908C8 /* Pods_TopPop.framework */,
			);
			name = Frameworks;
			sourceTree = "<group>";
		};
		522D4031241E8BE4007589BE /* Resources */ = {
			isa = PBXGroup;
			children = (
				5242CA91241D4E0B00ECBF59 /* AppDelegate.swift */,
				5242CA93241D4E0B00ECBF59 /* SceneDelegate.swift */,
				5242CA9A241D4E0F00ECBF59 /* Assets.xcassets */,
				5242CA9C241D4E0F00ECBF59 /* LaunchScreen.storyboard */,
				5242CA9F241D4E0F00ECBF59 /* Info.plist */,
			);
			path = Resources;
			sourceTree = "<group>";
		};
		522D4034241E8C35007589BE /* Home */ = {
			isa = PBXGroup;
			children = (
				522D4036241EB1B5007589BE /* Cells */,
				5242CA95241D4E0B00ECBF59 /* HomeViewController.swift */,
				5242CA97241D4E0B00ECBF59 /* Main.storyboard */,
			);
			path = Home;
			sourceTree = "<group>";
		};
		522D4036241EB1B5007589BE /* Cells */ = {
			isa = PBXGroup;
			children = (
				522D4037241EB1E8007589BE /* TrackCell.swift */,
			);
			path = Cells;
			sourceTree = "<group>";
		};
		5242CA85241D4E0B00ECBF59 = {
			isa = PBXGroup;
			children = (
				522D4032241E8C1A007589BE /* Default-568h@2x.png */,
				5242CA90241D4E0B00ECBF59 /* TopPop */,
				5242CA8F241D4E0B00ECBF59 /* Products */,
				C1358501F148FE7918AEAF23 /* Pods */,
				47BD9EC803173AD6A2E4DA78 /* Frameworks */,
			);
			sourceTree = "<group>";
		};
		5242CA8F241D4E0B00ECBF59 /* Products */ = {
			isa = PBXGroup;
			children = (
				5242CA8E241D4E0B00ECBF59 /* TopPop.app */,
			);
			name = Products;
			sourceTree = "<group>";
		};
		5242CA90241D4E0B00ECBF59 /* TopPop */ = {
			isa = PBXGroup;
			children = (
				522D4031241E8BE4007589BE /* Resources */,
				5242CAA5241D55C500ECBF59 /* Entities */,
				5242CAAC241D5DDC00ECBF59 /* Modules */,
				522D4034241E8C35007589BE /* Home */,
			);
			path = TopPop;
			sourceTree = "<group>";
		};
		5242CAA5241D55C500ECBF59 /* Entities */ = {
			isa = PBXGroup;
			children = (
				5242CAA6241D58AE00ECBF59 /* Track.swift */,
				5242CAA8241D5AE000ECBF59 /* Artist.swift */,
				5242CAAA241D5B1500ECBF59 /* Album.swift */,
				522D400F241E508A007589BE /* Chart.swift */,
			);
			path = Entities;
			sourceTree = "<group>";
		};
		5242CAAC241D5DDC00ECBF59 /* Modules */ = {
			isa = PBXGroup;
			children = (
				529A507C241D66EE0063E588 /* APIRequestManager.swift */,
			);
			path = Modules;
			sourceTree = "<group>";
		};
		C1358501F148FE7918AEAF23 /* Pods */ = {
			isa = PBXGroup;
			children = (
				B246090CF7722D81864B92C9 /* Pods-TopPop.debug.xcconfig */,
				4B377F8694A271848A6BA08E /* Pods-TopPop.release.xcconfig */,
			);
			path = Pods;
			sourceTree = "<group>";
		};
/* End PBXGroup section */

/* Begin PBXNativeTarget section */
		5242CA8D241D4E0B00ECBF59 /* TopPop */ = {
			isa = PBXNativeTarget;
			buildConfigurationList = 5242CAA2241D4E0F00ECBF59 /* Build configuration list for PBXNativeTarget "TopPop" */;
			buildPhases = (
				9B17AA66C1EC880ABFD1E4BF /* [CP] Check Pods Manifest.lock */,
				5242CA8A241D4E0B00ECBF59 /* Sources */,
				5242CA8B241D4E0B00ECBF59 /* Frameworks */,
				5242CA8C241D4E0B00ECBF59 /* Resources */,
				16D31E37E1B33A9313901305 /* [CP] Embed Pods Frameworks */,
			);
			buildRules = (
			);
			dependencies = (
			);
			name = TopPop;
			productName = TopPop;
			productReference = 5242CA8E241D4E0B00ECBF59 /* TopPop.app */;
			productType = "com.apple.product-type.application";
		};
/* End PBXNativeTarget section */

/* Begin PBXProject section */
		5242CA86241D4E0B00ECBF59 /* Project object */ = {
			isa = PBXProject;
			attributes = {
				LastSwiftUpdateCheck = 1130;
				LastUpgradeCheck = 1130;
				ORGANIZATIONNAME = Pero;
				TargetAttributes = {
					5242CA8D241D4E0B00ECBF59 = {
						CreatedOnToolsVersion = 11.3.1;
					};
				};
			};
			buildConfigurationList = 5242CA89241D4E0B00ECBF59 /* Build configuration list for PBXProject "TopPop" */;
			compatibilityVersion = "Xcode 9.3";
			developmentRegion = en;
			hasScannedForEncodings = 0;
			knownRegions = (
				en,
				Base,
			);
			mainGroup = 5242CA85241D4E0B00ECBF59;
			productRefGroup = 5242CA8F241D4E0B00ECBF59 /* Products */;
			projectDirPath = "";
			projectRoot = "";
			targets = (
				5242CA8D241D4E0B00ECBF59 /* TopPop */,
			);
		};
/* End PBXProject section */

/* Begin PBXResourcesBuildPhase section */
		5242CA8C241D4E0B00ECBF59 /* Resources */ = {
			isa = PBXResourcesBuildPhase;
			buildActionMask = 2147483647;
			files = (
				5242CA9E241D4E0F00ECBF59 /* LaunchScreen.storyboard in Resources */,
				522D4033241E8C1A007589BE /* Default-568h@2x.png in Resources */,
				5242CA9B241D4E0F00ECBF59 /* Assets.xcassets in Resources */,
				5242CA99241D4E0B00ECBF59 /* Main.storyboard in Resources */,
			);
			runOnlyForDeploymentPostprocessing = 0;
		};
/* End PBXResourcesBuildPhase section */

/* Begin PBXShellScriptBuildPhase section */
		16D31E37E1B33A9313901305 /* [CP] Embed Pods Frameworks */ = {
			isa = PBXShellScriptBuildPhase;
			buildActionMask = 2147483647;
			files = (
			);
			inputFileListPaths = (
				"${PODS_ROOT}/Target Support Files/Pods-TopPop/Pods-TopPop-frameworks-${CONFIGURATION}-input-files.xcfilelist",
			);
			name = "[CP] Embed Pods Frameworks";
			outputFileListPaths = (
				"${PODS_ROOT}/Target Support Files/Pods-TopPop/Pods-TopPop-frameworks-${CONFIGURATION}-output-files.xcfilelist",
			);
			runOnlyForDeploymentPostprocessing = 0;
			shellPath = /bin/sh;
			shellScript = "\"${PODS_ROOT}/Target Support Files/Pods-TopPop/Pods-TopPop-frameworks.sh\"\n";
			showEnvVarsInLog = 0;
		};
		9B17AA66C1EC880ABFD1E4BF /* [CP] Check Pods Manifest.lock */ = {
			isa = PBXShellScriptBuildPhase;
			buildActionMask = 2147483647;
			files = (
			);
			inputFileListPaths = (
			);
			inputPaths = (
				"${PODS_PODFILE_DIR_PATH}/Podfile.lock",
				"${PODS_ROOT}/Manifest.lock",
			);
			name = "[CP] Check Pods Manifest.lock";
			outputFileListPaths = (
			);
			outputPaths = (
				"$(DERIVED_FILE_DIR)/Pods-TopPop-checkManifestLockResult.txt",
			);
			runOnlyForDeploymentPostprocessing = 0;
			shellPath = /bin/sh;
			shellScript = "diff \"${PODS_PODFILE_DIR_PATH}/Podfile.lock\" \"${PODS_ROOT}/Manifest.lock\" > /dev/null\nif [ $? != 0 ] ; then\n    # print error to STDERR\n    echo \"error: The sandbox is not in sync with the Podfile.lock. Run 'pod install' or update your CocoaPods installation.\" >&2\n    exit 1\nfi\n# This output is used by Xcode 'outputs' to avoid re-running this script phase.\necho \"SUCCESS\" > \"${SCRIPT_OUTPUT_FILE_0}\"\n";
			showEnvVarsInLog = 0;
		};
/* End PBXShellScriptBuildPhase section */

/* Begin PBXSourcesBuildPhase section */
		5242CA8A241D4E0B00ECBF59 /* Sources */ = {
			isa = PBXSourcesBuildPhase;
			buildActionMask = 2147483647;
			files = (
				522D4010241E508A007589BE /* Chart.swift in Sources */,
				5242CAA7241D58AE00ECBF59 /* Track.swift in Sources */,
				522D4038241EB1E8007589BE /* TrackCell.swift in Sources */,
				5242CA96241D4E0B00ECBF59 /* HomeViewController.swift in Sources */,
				5242CA92241D4E0B00ECBF59 /* AppDelegate.swift in Sources */,
				529A507D241D66EE0063E588 /* APIRequestManager.swift in Sources */,
				5242CAA9241D5AE000ECBF59 /* Artist.swift in Sources */,
				5242CA94241D4E0B00ECBF59 /* SceneDelegate.swift in Sources */,
				5242CAAB241D5B1500ECBF59 /* Album.swift in Sources */,
			);
			runOnlyForDeploymentPostprocessing = 0;
		};
/* End PBXSourcesBuildPhase section */

/* Begin PBXVariantGroup section */
		5242CA97241D4E0B00ECBF59 /* Main.storyboard */ = {
			isa = PBXVariantGroup;
			children = (
				5242CA98241D4E0B00ECBF59 /* Base */,
			);
			name = Main.storyboard;
			sourceTree = "<group>";
		};
		5242CA9C241D4E0F00ECBF59 /* LaunchScreen.storyboard */ = {
			isa = PBXVariantGroup;
			children = (
				5242CA9D241D4E0F00ECBF59 /* Base */,
			);
			name = LaunchScreen.storyboard;
			sourceTree = "<group>";
		};
/* End PBXVariantGroup section */

/* Begin XCBuildConfiguration section */
		5242CAA0241D4E0F00ECBF59 /* Debug */ = {
			isa = XCBuildConfiguration;
			buildSettings = {
				ALWAYS_SEARCH_USER_PATHS = NO;
				CLANG_ANALYZER_NONNULL = YES;
				CLANG_ANALYZER_NUMBER_OBJECT_CONVERSION = YES_AGGRESSIVE;
				CLANG_CXX_LANGUAGE_STANDARD = "gnu++14";
				CLANG_CXX_LIBRARY = "libc++";
				CLANG_ENABLE_MODULES = YES;
				CLANG_ENABLE_OBJC_ARC = YES;
				CLANG_ENABLE_OBJC_WEAK = YES;
				CLANG_WARN_BLOCK_CAPTURE_AUTORELEASING = YES;
				CLANG_WARN_BOOL_CONVERSION = YES;
				CLANG_WARN_COMMA = YES;
				CLANG_WARN_CONSTANT_CONVERSION = YES;
				CLANG_WARN_DEPRECATED_OBJC_IMPLEMENTATIONS = YES;
				CLANG_WARN_DIRECT_OBJC_ISA_USAGE = YES_ERROR;
				CLANG_WARN_DOCUMENTATION_COMMENTS = YES;
				CLANG_WARN_EMPTY_BODY = YES;
				CLANG_WARN_ENUM_CONVERSION = YES;
				CLANG_WARN_INFINITE_RECURSION = YES;
				CLANG_WARN_INT_CONVERSION = YES;
				CLANG_WARN_NON_LITERAL_NULL_CONVERSION = YES;
				CLANG_WARN_OBJC_IMPLICIT_RETAIN_SELF = YES;
				CLANG_WARN_OBJC_LITERAL_CONVERSION = YES;
				CLANG_WARN_OBJC_ROOT_CLASS = YES_ERROR;
				CLANG_WARN_RANGE_LOOP_ANALYSIS = YES;
				CLANG_WARN_STRICT_PROTOTYPES = YES;
				CLANG_WARN_SUSPICIOUS_MOVE = YES;
				CLANG_WARN_UNGUARDED_AVAILABILITY = YES_AGGRESSIVE;
				CLANG_WARN_UNREACHABLE_CODE = YES;
				CLANG_WARN__DUPLICATE_METHOD_MATCH = YES;
				COPY_PHASE_STRIP = NO;
				DEBUG_INFORMATION_FORMAT = dwarf;
				ENABLE_STRICT_OBJC_MSGSEND = YES;
				ENABLE_TESTABILITY = YES;
				GCC_C_LANGUAGE_STANDARD = gnu11;
				GCC_DYNAMIC_NO_PIC = NO;
				GCC_NO_COMMON_BLOCKS = YES;
				GCC_OPTIMIZATION_LEVEL = 0;
				GCC_PREPROCESSOR_DEFINITIONS = (
					"DEBUG=1",
					"$(inherited)",
				);
				GCC_WARN_64_TO_32_BIT_CONVERSION = YES;
				GCC_WARN_ABOUT_RETURN_TYPE = YES_ERROR;
				GCC_WARN_UNDECLARED_SELECTOR = YES;
				GCC_WARN_UNINITIALIZED_AUTOS = YES_AGGRESSIVE;
				GCC_WARN_UNUSED_FUNCTION = YES;
				GCC_WARN_UNUSED_VARIABLE = YES;
				IPHONEOS_DEPLOYMENT_TARGET = 13.2;
				MTL_ENABLE_DEBUG_INFO = INCLUDE_SOURCE;
				MTL_FAST_MATH = YES;
				ONLY_ACTIVE_ARCH = YES;
				SDKROOT = iphoneos;
				SWIFT_ACTIVE_COMPILATION_CONDITIONS = DEBUG;
				SWIFT_OPTIMIZATION_LEVEL = "-Onone";
			};
			name = Debug;
		};
		5242CAA1241D4E0F00ECBF59 /* Release */ = {
			isa = XCBuildConfiguration;
			buildSettings = {
				ALWAYS_SEARCH_USER_PATHS = NO;
				CLANG_ANALYZER_NONNULL = YES;
				CLANG_ANALYZER_NUMBER_OBJECT_CONVERSION = YES_AGGRESSIVE;
				CLANG_CXX_LANGUAGE_STANDARD = "gnu++14";
				CLANG_CXX_LIBRARY = "libc++";
				CLANG_ENABLE_MODULES = YES;
				CLANG_ENABLE_OBJC_ARC = YES;
				CLANG_ENABLE_OBJC_WEAK = YES;
				CLANG_WARN_BLOCK_CAPTURE_AUTORELEASING = YES;
				CLANG_WARN_BOOL_CONVERSION = YES;
				CLANG_WARN_COMMA = YES;
				CLANG_WARN_CONSTANT_CONVERSION = YES;
				CLANG_WARN_DEPRECATED_OBJC_IMPLEMENTATIONS = YES;
				CLANG_WARN_DIRECT_OBJC_ISA_USAGE = YES_ERROR;
				CLANG_WARN_DOCUMENTATION_COMMENTS = YES;
				CLANG_WARN_EMPTY_BODY = YES;
				CLANG_WARN_ENUM_CONVERSION = YES;
				CLANG_WARN_INFINITE_RECURSION = YES;
				CLANG_WARN_INT_CONVERSION = YES;
				CLANG_WARN_NON_LITERAL_NULL_CONVERSION = YES;
				CLANG_WARN_OBJC_IMPLICIT_RETAIN_SELF = YES;
				CLANG_WARN_OBJC_LITERAL_CONVERSION = YES;
				CLANG_WARN_OBJC_ROOT_CLASS = YES_ERROR;
				CLANG_WARN_RANGE_LOOP_ANALYSIS = YES;
				CLANG_WARN_STRICT_PROTOTYPES = YES;
				CLANG_WARN_SUSPICIOUS_MOVE = YES;
				CLANG_WARN_UNGUARDED_AVAILABILITY = YES_AGGRESSIVE;
				CLANG_WARN_UNREACHABLE_CODE = YES;
				CLANG_WARN__DUPLICATE_METHOD_MATCH = YES;
				COPY_PHASE_STRIP = NO;
				DEBUG_INFORMATION_FORMAT = "dwarf-with-dsym";
				ENABLE_NS_ASSERTIONS = NO;
				ENABLE_STRICT_OBJC_MSGSEND = YES;
				GCC_C_LANGUAGE_STANDARD = gnu11;
				GCC_NO_COMMON_BLOCKS = YES;
				GCC_WARN_64_TO_32_BIT_CONVERSION = YES;
				GCC_WARN_ABOUT_RETURN_TYPE = YES_ERROR;
				GCC_WARN_UNDECLARED_SELECTOR = YES;
				GCC_WARN_UNINITIALIZED_AUTOS = YES_AGGRESSIVE;
				GCC_WARN_UNUSED_FUNCTION = YES;
				GCC_WARN_UNUSED_VARIABLE = YES;
				IPHONEOS_DEPLOYMENT_TARGET = 13.2;
				MTL_ENABLE_DEBUG_INFO = NO;
				MTL_FAST_MATH = YES;
				SDKROOT = iphoneos;
				SWIFT_COMPILATION_MODE = wholemodule;
				SWIFT_OPTIMIZATION_LEVEL = "-O";
				VALIDATE_PRODUCT = YES;
			};
			name = Release;
		};
		5242CAA3241D4E0F00ECBF59 /* Debug */ = {
			isa = XCBuildConfiguration;
			baseConfigurationReference = B246090CF7722D81864B92C9 /* Pods-TopPop.debug.xcconfig */;
			buildSettings = {
				ASSETCATALOG_COMPILER_APPICON_NAME = AppIcon;
				CODE_SIGN_STYLE = Automatic;
				INFOPLIST_FILE = TopPop/Resources/Info.plist;
				LD_RUNPATH_SEARCH_PATHS = (
					"$(inherited)",
					"@executable_path/Frameworks",
				);
				PRODUCT_BUNDLE_IDENTIFIER = peroProjekt.TopPop;
				PRODUCT_NAME = "$(TARGET_NAME)";
				SWIFT_VERSION = 5.0;
				TARGETED_DEVICE_FAMILY = "1,2";
			};
			name = Debug;
		};
		5242CAA4241D4E0F00ECBF59 /* Release */ = {
			isa = XCBuildConfiguration;
			baseConfigurationReference = 4B377F8694A271848A6BA08E /* Pods-TopPop.release.xcconfig */;
			buildSettings = {
				ASSETCATALOG_COMPILER_APPICON_NAME = AppIcon;
				CODE_SIGN_STYLE = Automatic;
				INFOPLIST_FILE = TopPop/Resources/Info.plist;
				LD_RUNPATH_SEARCH_PATHS = (
					"$(inherited)",
					"@executable_path/Frameworks",
				);
				PRODUCT_BUNDLE_IDENTIFIER = peroProjekt.TopPop;
				PRODUCT_NAME = "$(TARGET_NAME)";
				SWIFT_VERSION = 5.0;
				TARGETED_DEVICE_FAMILY = "1,2";
			};
			name = Release;
		};
/* End XCBuildConfiguration section */

/* Begin XCConfigurationList section */
		5242CA89241D4E0B00ECBF59 /* Build configuration list for PBXProject "TopPop" */ = {
			isa = XCConfigurationList;
			buildConfigurations = (
				5242CAA0241D4E0F00ECBF59 /* Debug */,
				5242CAA1241D4E0F00ECBF59 /* Release */,
			);
			defaultConfigurationIsVisible = 0;
			defaultConfigurationName = Release;
		};
		5242CAA2241D4E0F00ECBF59 /* Build configuration list for PBXNativeTarget "TopPop" */ = {
			isa = XCConfigurationList;
			buildConfigurations = (
				5242CAA3241D4E0F00ECBF59 /* Debug */,
				5242CAA4241D4E0F00ECBF59 /* Release */,
			);
			defaultConfigurationIsVisible = 0;
			defaultConfigurationName = Release;
		};
/* End XCConfigurationList section */
	};
	rootObject = 5242CA86241D4E0B00ECBF59 /* Project object */;
}
